
Microsoft Visual Studio Solution File, Format Version 12.00
# Visual Studio Version 17
VisualStudioVersion = 17.10.35004.147
MinimumVisualStudioVersion = 10.0.40219.1
Project("{9A19103F-16F7-4668-BE54-9A1E7A4F7556}") = "Magazine.Api", "Magazine.Api\Magazine.Api.csproj", "{9977AC73-5960-4105-8591-2AAA25A4A7F0}"
EndProject
Project("{9A19103F-16F7-4668-BE54-9A1E7A4F7556}") = "Magazine.Domain", "Magazine.Domain\Magazine.Domain.csproj", "{E4A088A1-AB5B-48D4-8E49-2738A0E7028B}"
EndProject
Project("{9A19103F-16F7-4668-BE54-9A1E7A4F7556}") = "Magazine.Infrastructure", "Magazine.Infrastructure\Magazine.Infrastructure.csproj", "{E4AB3D61-93AC-476D-A788-2D55D10429B4}"
EndProject
Project("{9A19103F-16F7-4668-BE54-9A1E7A4F7556}") = "Magazine.Application", "Magazine.Application\Magazine.Application.csproj", "{FB2CF220-4B6D-4F9C-9EB7-C0299698E183}"
EndProject
Global
	GlobalSection(SolutionConfigurationPlatforms) = preSolution
		Debug|Any CPU = Debug|Any CPU
		Release|Any CPU = Release|Any CPU
	EndGlobalSection
	GlobalSection(ProjectConfigurationPlatforms) = postSolution
		{9977AC73-5960-4105-8591-2AAA25A4A7F0}.Debug|Any CPU.ActiveCfg = Debug|Any CPU
		{9977AC73-5960-4105-8591-2AAA25A4A7F0}.Debug|Any CPU.Build.0 = Debug|Any CPU
		{9977AC73-5960-4105-8591-2AAA25A4A7F0}.Release|Any CPU.ActiveCfg = Release|Any CPU
		{9977AC73-5960-4105-8591-2AAA25A4A7F0}.Release|Any CPU.Build.0 = Release|Any CPU
		{E4A088A1-AB5B-48D4-8E49-2738A0E7028B}.Debug|Any CPU.ActiveCfg = Debug|Any CPU
		{E4A088A1-AB5B-48D4-8E49-2738A0E7028B}.Debug|Any CPU.Build.0 = Debug|Any CPU
		{E4A088A1-AB5B-48D4-8E49-2738A0E7028B}.Release|Any CPU.ActiveCfg = Release|Any CPU
		{E4A088A1-AB5B-48D4-8E49-2738A0E7028B}.Release|Any CPU.Build.0 = Release|Any CPU
		{E4AB3D61-93AC-476D-A788-2D55D10429B4}.Debug|Any CPU.ActiveCfg = Debug|Any CPU
		{E4AB3D61-93AC-476D-A788-2D55D10429B4}.Debug|Any CPU.Build.0 = Debug|Any CPU
		{E4AB3D61-93AC-476D-A788-2D55D10429B4}.Release|Any CPU.ActiveCfg = Release|Any CPU
		{E4AB3D61-93AC-476D-A788-2D55D10429B4}.Release|Any CPU.Build.0 = Release|Any CPU
		{FB2CF220-4B6D-4F9C-9EB7-C0299698E183}.Debug|Any CPU.ActiveCfg = Debug|Any CPU
		{FB2CF220-4B6D-4F9C-9EB7-C0299698E183}.Debug|Any CPU.Build.0 = Debug|Any CPU
		{FB2CF220-4B6D-4F9C-9EB7-C0299698E183}.Release|Any CPU.ActiveCfg = Release|Any CPU
		{FB2CF220-4B6D-4F9C-9EB7-C0299698E183}.Release|Any CPU.Build.0 = Release|Any CPU
	EndGlobalSection
	GlobalSection(SolutionProperties) = preSolution
		HideSolutionNode = FALSE
	EndGlobalSection
	GlobalSection(ExtensibilityGlobals) = postSolution
		SolutionGuid = {2B0D72AB-0CA4-4260-9071-E12D4C2DAB9D}
	EndGlobalSection
EndGlobal
